
Microsoft Visual Studio Solution File, Format Version 12.00
# Visual Studio Version 17
VisualStudioVersion = 17.8.34511.84
MinimumVisualStudioVersion = 10.0.40219.1
Project("{FAE04EC0-301F-11D3-BF4B-00C04F79EFBC}") = "SCLOCUA", "SCLOCUA.csproj", "{E998D500-9A0D-4D1C-ABEE-5B2D310E8353}"
EndProject
Project("{FAE04EC0-301F-11D3-BF4B-00C04F79EFBC}") = "SCLoc_App.Tests", "SCLoc_App.Tests\SCLoc_App.Tests.csproj", "{99FD4BD9-3141-4718-B057-AE27C521E973}"
EndProject
Global
	GlobalSection(SolutionConfigurationPlatforms) = preSolution
		Debug|Any CPU = Debug|Any CPU
		Release|Any CPU = Release|Any CPU
	EndGlobalSection
	GlobalSection(ProjectConfigurationPlatforms) = postSolution
                {E998D500-9A0D-4D1C-ABEE-5B2D310E8353}.Debug|Any CPU.ActiveCfg = Debug|Any CPU
                {E998D500-9A0D-4D1C-ABEE-5B2D310E8353}.Debug|Any CPU.Build.0 = Debug|Any CPU
                {E998D500-9A0D-4D1C-ABEE-5B2D310E8353}.Release|Any CPU.ActiveCfg = Release|Any CPU
                {E998D500-9A0D-4D1C-ABEE-5B2D310E8353}.Release|Any CPU.Build.0 = Release|Any CPU
                {99FD4BD9-3141-4718-B057-AE27C521E973}.Debug|Any CPU.ActiveCfg = Debug|Any CPU
                {99FD4BD9-3141-4718-B057-AE27C521E973}.Debug|Any CPU.Build.0 = Debug|Any CPU
                {99FD4BD9-3141-4718-B057-AE27C521E973}.Release|Any CPU.ActiveCfg = Release|Any CPU
                {99FD4BD9-3141-4718-B057-AE27C521E973}.Release|Any CPU.Build.0 = Release|Any CPU
        EndGlobalSection
	GlobalSection(SolutionProperties) = preSolution
		HideSolutionNode = FALSE
	EndGlobalSection
	GlobalSection(ExtensibilityGlobals) = postSolution
		SolutionGuid = {C2EEED5A-0893-4957-95DE-4FA398CC28E6}
	EndGlobalSection
EndGlobal
